
Microsoft Visual Studio Solution File, Format Version 12.00
# Visual Studio Version 17
VisualStudioVersion = 17.2.32519.379
MinimumVisualStudioVersion = 10.0.40219.1
Project("{9A19103F-16F7-4668-BE54-9A1E7A4F7556}") = "NJAuto.Server", "Server\NJAuto.Server.csproj", "{ECDCE997-2410-4A46-AD51-38BB6A03666D}"
EndProject
Project("{9A19103F-16F7-4668-BE54-9A1E7A4F7556}") = "NJAuto.Client", "Client\NJAuto.Client.csproj", "{2FE156D7-5CB1-42AD-BB3F-9A79AE06289E}"
EndProject
Project("{9A19103F-16F7-4668-BE54-9A1E7A4F7556}") = "NJAuto.Shared", "Shared\NJAuto.Shared.csproj", "{0945DAB2-DA45-4677-9E24-C82D9D3118F2}"
EndProject
Global
	GlobalSection(SolutionConfigurationPlatforms) = preSolution
		Debug|Any CPU = Debug|Any CPU
		Release|Any CPU = Release|Any CPU
	EndGlobalSection
	GlobalSection(ProjectConfigurationPlatforms) = postSolution
		{ECDCE997-2410-4A46-AD51-38BB6A03666D}.Debug|Any CPU.ActiveCfg = Debug|Any CPU
		{ECDCE997-2410-4A46-AD51-38BB6A03666D}.Debug|Any CPU.Build.0 = Debug|Any CPU
		{ECDCE997-2410-4A46-AD51-38BB6A03666D}.Release|Any CPU.ActiveCfg = Release|Any CPU
		{ECDCE997-2410-4A46-AD51-38BB6A03666D}.Release|Any CPU.Build.0 = Release|Any CPU
		{2FE156D7-5CB1-42AD-BB3F-9A79AE06289E}.Debug|Any CPU.ActiveCfg = Debug|Any CPU
		{2FE156D7-5CB1-42AD-BB3F-9A79AE06289E}.Debug|Any CPU.Build.0 = Debug|Any CPU
		{2FE156D7-5CB1-42AD-BB3F-9A79AE06289E}.Release|Any CPU.ActiveCfg = Release|Any CPU
		{2FE156D7-5CB1-42AD-BB3F-9A79AE06289E}.Release|Any CPU.Build.0 = Release|Any CPU
		{0945DAB2-DA45-4677-9E24-C82D9D3118F2}.Debug|Any CPU.ActiveCfg = Debug|Any CPU
		{0945DAB2-DA45-4677-9E24-C82D9D3118F2}.Debug|Any CPU.Build.0 = Debug|Any CPU
		{0945DAB2-DA45-4677-9E24-C82D9D3118F2}.Release|Any CPU.ActiveCfg = Release|Any CPU
		{0945DAB2-DA45-4677-9E24-C82D9D3118F2}.Release|Any CPU.Build.0 = Release|Any CPU
	EndGlobalSection
	GlobalSection(SolutionProperties) = preSolution
		HideSolutionNode = FALSE
	EndGlobalSection
	GlobalSection(ExtensibilityGlobals) = postSolution
		SolutionGuid = {764CBD8A-8DAA-404E-9CDB-235BC70FE502}
	EndGlobalSection
EndGlobal
